<Solution>
  <Folder Name="/Solution Items/">
    <File Path="Directory.Packages.props" />
  </Folder>
  <Project Path="Jennifer.SharedKernel/Jennifer.SharedKernel.csproj" />
  <Project Path="Jennifer.Wasm.Admin/Jennifer.Wasm.Admin.csproj" />
  <Project Path="Jennifer.Web.Admin/Jennifer.Web.Admin.Client/Jennifer.Web.Admin.Client.csproj" Id="31540e08-906c-4a82-9bec-828c77fb7846" />
  <Project Path="Jennifer.Web.Admin/Jennifer.Web.Admin/Jennifer.Web.Admin.csproj" Id="47e6c981-5433-4754-a8be-f3d5282f8eee" />
</Solution>